// !$*UTF8*$!
{
	archiveVersion = 1;
	classes = {
	};
	objectVersion = 48;
	objects = {

/* Begin PBXBuildFile section */
		150CB0129502A9471A14A7B5 /* libPods-Undertakes.a in Frameworks */ = {isa = PBXBuildFile; fileRef = EAD6D3C0E2C9E7EAD2FB78CF /* libPods-Undertakes.a */; };
		7F1517C7202B3B1D00F97473 /* Undertakes.xcdatamodeld in Sources */ = {isa = PBXBuildFile; fileRef = 7F1517BF202B3B1C00F97473 /* Undertakes.xcdatamodeld */; };
		7F1517C8202B3B1D00F97473 /* UNDAuthViewController.m in Sources */ = {isa = PBXBuildFile; fileRef = 7F1517C2202B3B1D00F97473 /* UNDAuthViewController.m */; };
		7F1517C9202B3B1D00F97473 /* Assets.xcassets in Resources */ = {isa = PBXBuildFile; fileRef = 7F1517C4202B3B1D00F97473 /* Assets.xcassets */; };
		7F1517CA202B3B1D00F97473 /* UNDNetworkRequestURLService.m in Sources */ = {isa = PBXBuildFile; fileRef = 7F1517C5202B3B1D00F97473 /* UNDNetworkRequestURLService.m */; };
		7F1517CB202B3B1D00F97473 /* UNDNetworkService.m in Sources */ = {isa = PBXBuildFile; fileRef = 7F1517C6202B3B1D00F97473 /* UNDNetworkService.m */; };
		7F36ABFD201E6C650043D00E /* AppDelegate.m in Sources */ = {isa = PBXBuildFile; fileRef = 7F36ABFC201E6C650043D00E /* AppDelegate.m */; };
		7F36AC00201E6C650043D00E /* UNDHomeViewController.m in Sources */ = {isa = PBXBuildFile; fileRef = 7F36ABFF201E6C650043D00E /* UNDHomeViewController.m */; };
		7F36AC0E201E6C650043D00E /* main.m in Sources */ = {isa = PBXBuildFile; fileRef = 7F36AC0D201E6C650043D00E /* main.m */; };
		7F36AC18201E6C650043D00E /* UndertakesTests.m in Sources */ = {isa = PBXBuildFile; fileRef = 7F36AC17201E6C650043D00E /* UndertakesTests.m */; };
		7F36AC23201E7C9C0043D00E /* Default-568h@2x.png in Resources */ = {isa = PBXBuildFile; fileRef = 7F36AC22201E7C9C0043D00E /* Default-568h@2x.png */; };
		7F433BCD2025F31100C40FAD /* UNDPromiseCollectionViewCell.m in Sources */ = {isa = PBXBuildFile; fileRef = 7F433BCC2025F31100C40FAD /* UNDPromiseCollectionViewCell.m */; };
		7F433BD020272C3300C40FAD /* UNDMaintainerCollectionViewCell.m in Sources */ = {isa = PBXBuildFile; fileRef = 7F433BCF20272C3300C40FAD /* UNDMaintainerCollectionViewCell.m */; };
		7F433BD520272F7F00C40FAD /* UNDPromiseCollectionViewDelegate.m in Sources */ = {isa = PBXBuildFile; fileRef = 7F433BD420272F7F00C40FAD /* UNDPromiseCollectionViewDelegate.m */; };
		7F433BD820272FAF00C40FAD /* UNDMaintainerCollectionViewDelegate.m in Sources */ = {isa = PBXBuildFile; fileRef = 7F433BD720272FAF00C40FAD /* UNDMaintainerCollectionViewDelegate.m */; };
		F682493F0C2E8BDAC7C437A4 /* libPods-UndertakesTests.a in Frameworks */ = {isa = PBXBuildFile; fileRef = 17C47DCC7EBD44AC3528019D /* libPods-UndertakesTests.a */; };
/* End PBXBuildFile section */

/* Begin PBXContainerItemProxy section */
		7F36AC14201E6C650043D00E /* PBXContainerItemProxy */ = {
			isa = PBXContainerItemProxy;
			containerPortal = 7F36ABF0201E6C650043D00E /* Project object */;
			proxyType = 1;
			remoteGlobalIDString = 7F36ABF7201E6C650043D00E;
			remoteInfo = Undertakes;
		};
/* End PBXContainerItemProxy section */

/* Begin PBXFileReference section */
		17C47DCC7EBD44AC3528019D /* libPods-UndertakesTests.a */ = {isa = PBXFileReference; explicitFileType = archive.ar; includeInIndex = 0; path = "libPods-UndertakesTests.a"; sourceTree = BUILT_PRODUCTS_DIR; };
		19D6166B203EA7E96F2CBA60 /* Pods-Undertakes.release.xcconfig */ = {isa = PBXFileReference; includeInIndex = 1; lastKnownFileType = text.xcconfig; name = "Pods-Undertakes.release.xcconfig"; path = "Pods/Target Support Files/Pods-Undertakes/Pods-Undertakes.release.xcconfig"; sourceTree = "<group>"; };
		7F1517BD202B3B1C00F97473 /* UNDNetworkService.h */ = {isa = PBXFileReference; fileEncoding = 4; lastKnownFileType = sourcecode.c.h; path = UNDNetworkService.h; sourceTree = "<group>"; };
		7F1517BE202B3B1C00F97473 /* UNDAuthViewController.h */ = {isa = PBXFileReference; fileEncoding = 4; lastKnownFileType = sourcecode.c.h; path = UNDAuthViewController.h; sourceTree = "<group>"; };
		7F1517C0202B3B1C00F97473 /* Undertakes.xcdatamodel */ = {isa = PBXFileReference; lastKnownFileType = wrapper.xcdatamodel; path = Undertakes.xcdatamodel; sourceTree = "<group>"; };
		7F1517C1202B3B1D00F97473 /* UNDNetworkRequestURLService.h */ = {isa = PBXFileReference; fileEncoding = 4; lastKnownFileType = sourcecode.c.h; path = UNDNetworkRequestURLService.h; sourceTree = "<group>"; };
		7F1517C2202B3B1D00F97473 /* UNDAuthViewController.m */ = {isa = PBXFileReference; fileEncoding = 4; lastKnownFileType = sourcecode.c.objc; path = UNDAuthViewController.m; sourceTree = "<group>"; };
		7F1517C3202B3B1D00F97473 /* UNDNetworkServiceIOProtocol.h */ = {isa = PBXFileReference; fileEncoding = 4; lastKnownFileType = sourcecode.c.h; path = UNDNetworkServiceIOProtocol.h; sourceTree = "<group>"; };
		7F1517C4202B3B1D00F97473 /* Assets.xcassets */ = {isa = PBXFileReference; lastKnownFileType = folder.assetcatalog; path = Assets.xcassets; sourceTree = "<group>"; };
		7F1517C5202B3B1D00F97473 /* UNDNetworkRequestURLService.m */ = {isa = PBXFileReference; fileEncoding = 4; lastKnownFileType = sourcecode.c.objc; path = UNDNetworkRequestURLService.m; sourceTree = "<group>"; };
		7F1517C6202B3B1D00F97473 /* UNDNetworkService.m */ = {isa = PBXFileReference; fileEncoding = 4; lastKnownFileType = sourcecode.c.objc; path = UNDNetworkService.m; sourceTree = "<group>"; };
		7F36ABF8201E6C650043D00E /* Undertakes.app */ = {isa = PBXFileReference; explicitFileType = wrapper.application; includeInIndex = 0; path = Undertakes.app; sourceTree = BUILT_PRODUCTS_DIR; };
		7F36ABFB201E6C650043D00E /* AppDelegate.h */ = {isa = PBXFileReference; lastKnownFileType = sourcecode.c.h; path = AppDelegate.h; sourceTree = "<group>"; };
		7F36ABFC201E6C650043D00E /* AppDelegate.m */ = {isa = PBXFileReference; lastKnownFileType = sourcecode.c.objc; path = AppDelegate.m; sourceTree = "<group>"; };
		7F36ABFE201E6C650043D00E /* UNDHomeViewController.h */ = {isa = PBXFileReference; lastKnownFileType = sourcecode.c.h; path = UNDHomeViewController.h; sourceTree = "<group>"; };
		7F36ABFF201E6C650043D00E /* UNDHomeViewController.m */ = {isa = PBXFileReference; lastKnownFileType = sourcecode.c.objc; path = UNDHomeViewController.m; sourceTree = "<group>"; };
		7F36AC0C201E6C650043D00E /* Info.plist */ = {isa = PBXFileReference; lastKnownFileType = text.plist.xml; path = Info.plist; sourceTree = "<group>"; };
		7F36AC0D201E6C650043D00E /* main.m */ = {isa = PBXFileReference; lastKnownFileType = sourcecode.c.objc; path = main.m; sourceTree = "<group>"; };
		7F36AC13201E6C650043D00E /* UndertakesTests.xctest */ = {isa = PBXFileReference; explicitFileType = wrapper.cfbundle; includeInIndex = 0; path = UndertakesTests.xctest; sourceTree = BUILT_PRODUCTS_DIR; };
		7F36AC17201E6C650043D00E /* UndertakesTests.m */ = {isa = PBXFileReference; lastKnownFileType = sourcecode.c.objc; path = UndertakesTests.m; sourceTree = "<group>"; };
		7F36AC19201E6C650043D00E /* Info.plist */ = {isa = PBXFileReference; lastKnownFileType = text.plist.xml; path = Info.plist; sourceTree = "<group>"; };
		7F36AC22201E7C9C0043D00E /* Default-568h@2x.png */ = {isa = PBXFileReference; lastKnownFileType = image.png; name = "Default-568h@2x.png"; path = "../Default-568h@2x.png"; sourceTree = "<group>"; };
		7F433BCB2025F31100C40FAD /* UNDPromiseCollectionViewCell.h */ = {isa = PBXFileReference; lastKnownFileType = sourcecode.c.h; path = UNDPromiseCollectionViewCell.h; sourceTree = "<group>"; };
		7F433BCC2025F31100C40FAD /* UNDPromiseCollectionViewCell.m */ = {isa = PBXFileReference; lastKnownFileType = sourcecode.c.objc; path = UNDPromiseCollectionViewCell.m; sourceTree = "<group>"; };
		7F433BCE20272C3300C40FAD /* UNDMaintainerCollectionViewCell.h */ = {isa = PBXFileReference; lastKnownFileType = sourcecode.c.h; path = UNDMaintainerCollectionViewCell.h; sourceTree = "<group>"; };
		7F433BCF20272C3300C40FAD /* UNDMaintainerCollectionViewCell.m */ = {isa = PBXFileReference; lastKnownFileType = sourcecode.c.objc; path = UNDMaintainerCollectionViewCell.m; sourceTree = "<group>"; };
		7F433BD320272F7F00C40FAD /* UNDPromiseCollectionViewDelegate.h */ = {isa = PBXFileReference; lastKnownFileType = sourcecode.c.h; path = UNDPromiseCollectionViewDelegate.h; sourceTree = "<group>"; };
		7F433BD420272F7F00C40FAD /* UNDPromiseCollectionViewDelegate.m */ = {isa = PBXFileReference; lastKnownFileType = sourcecode.c.objc; path = UNDPromiseCollectionViewDelegate.m; sourceTree = "<group>"; };
		7F433BD620272FAF00C40FAD /* UNDMaintainerCollectionViewDelegate.h */ = {isa = PBXFileReference; lastKnownFileType = sourcecode.c.h; path = UNDMaintainerCollectionViewDelegate.h; sourceTree = "<group>"; };
		7F433BD720272FAF00C40FAD /* UNDMaintainerCollectionViewDelegate.m */ = {isa = PBXFileReference; lastKnownFileType = sourcecode.c.objc; path = UNDMaintainerCollectionViewDelegate.m; sourceTree = "<group>"; };
		901ED00352727172D6BB99A0 /* Pods-UndertakesTests.release.xcconfig */ = {isa = PBXFileReference; includeInIndex = 1; lastKnownFileType = text.xcconfig; name = "Pods-UndertakesTests.release.xcconfig"; path = "Pods/Target Support Files/Pods-UndertakesTests/Pods-UndertakesTests.release.xcconfig"; sourceTree = "<group>"; };
		A5F97F5AFEE0C146DAA3B375 /* Pods-UndertakesTests.debug.xcconfig */ = {isa = PBXFileReference; includeInIndex = 1; lastKnownFileType = text.xcconfig; name = "Pods-UndertakesTests.debug.xcconfig"; path = "Pods/Target Support Files/Pods-UndertakesTests/Pods-UndertakesTests.debug.xcconfig"; sourceTree = "<group>"; };
		B3BA64324FDD367D0D2B6C12 /* Pods-Undertakes.debug.xcconfig */ = {isa = PBXFileReference; includeInIndex = 1; lastKnownFileType = text.xcconfig; name = "Pods-Undertakes.debug.xcconfig"; path = "Pods/Target Support Files/Pods-Undertakes/Pods-Undertakes.debug.xcconfig"; sourceTree = "<group>"; };
		EAD6D3C0E2C9E7EAD2FB78CF /* libPods-Undertakes.a */ = {isa = PBXFileReference; explicitFileType = archive.ar; includeInIndex = 0; path = "libPods-Undertakes.a"; sourceTree = BUILT_PRODUCTS_DIR; };
/* End PBXFileReference section */

/* Begin PBXFrameworksBuildPhase section */
		7F36ABF5201E6C650043D00E /* Frameworks */ = {
			isa = PBXFrameworksBuildPhase;
			buildActionMask = 2147483647;
			files = (
				150CB0129502A9471A14A7B5 /* libPods-Undertakes.a in Frameworks */,
			);
			runOnlyForDeploymentPostprocessing = 0;
		};
		7F36AC10201E6C650043D00E /* Frameworks */ = {
			isa = PBXFrameworksBuildPhase;
			buildActionMask = 2147483647;
			files = (
				F682493F0C2E8BDAC7C437A4 /* libPods-UndertakesTests.a in Frameworks */,
			);
			runOnlyForDeploymentPostprocessing = 0;
		};
/* End PBXFrameworksBuildPhase section */

/* Begin PBXGroup section */
		54237AC294FF30A7EF74AB52 /* Pods */ = {
			isa = PBXGroup;
			children = (
				B3BA64324FDD367D0D2B6C12 /* Pods-Undertakes.debug.xcconfig */,
				19D6166B203EA7E96F2CBA60 /* Pods-Undertakes.release.xcconfig */,
				A5F97F5AFEE0C146DAA3B375 /* Pods-UndertakesTests.debug.xcconfig */,
				901ED00352727172D6BB99A0 /* Pods-UndertakesTests.release.xcconfig */,
			);
			name = Pods;
			sourceTree = "<group>";
		};
		7F1517CE202B44E800F97473 /* Services */ = {
			isa = PBXGroup;
			children = (
				7F1517CF202B44F000F97473 /* Network */,
			);
			name = Services;
			sourceTree = "<group>";
		};
		7F1517CF202B44F000F97473 /* Network */ = {
			isa = PBXGroup;
			children = (
				7F1517C1202B3B1D00F97473 /* UNDNetworkRequestURLService.h */,
				7F1517C5202B3B1D00F97473 /* UNDNetworkRequestURLService.m */,
				7F1517BD202B3B1C00F97473 /* UNDNetworkService.h */,
				7F1517C6202B3B1D00F97473 /* UNDNetworkService.m */,
				7F1517C3202B3B1D00F97473 /* UNDNetworkServiceIOProtocol.h */,
			);
			name = Network;
			sourceTree = "<group>";
		};
		7F36ABEF201E6C650043D00E = {
			isa = PBXGroup;
			children = (
				7F36ABFA201E6C650043D00E /* Undertakes */,
				7F36AC16201E6C650043D00E /* UndertakesTests */,
				7F36ABF9201E6C650043D00E /* Products */,
				54237AC294FF30A7EF74AB52 /* Pods */,
				997F88108763FD8C013F0DE5 /* Frameworks */,
			);
			sourceTree = "<group>";
		};
		7F36ABF9201E6C650043D00E /* Products */ = {
			isa = PBXGroup;
			children = (
				7F36ABF8201E6C650043D00E /* Undertakes.app */,
				7F36AC13201E6C650043D00E /* UndertakesTests.xctest */,
			);
			name = Products;
			sourceTree = "<group>";
		};
		7F36ABFA201E6C650043D00E /* Undertakes */ = {
			isa = PBXGroup;
			children = (
				7F1517CE202B44E800F97473 /* Services */,
				7F75E4E22021176500AC53C3 /* Delegates */,
				7F75E4E02021174900AC53C3 /* Views */,
				7F75E4E32021179500AC53C3 /* Controllers */,
				7F75E4DF202116E200AC53C3 /* Resources */,
				7F36ABFB201E6C650043D00E /* AppDelegate.h */,
				7F36ABFC201E6C650043D00E /* AppDelegate.m */,
				7F36AC0D201E6C650043D00E /* main.m */,
			);
			path = Undertakes;
			sourceTree = "<group>";
		};
		7F36AC16201E6C650043D00E /* UndertakesTests */ = {
			isa = PBXGroup;
			children = (
				7F36AC17201E6C650043D00E /* UndertakesTests.m */,
				7F36AC19201E6C650043D00E /* Info.plist */,
			);
			path = UndertakesTests;
			sourceTree = "<group>";
		};
		7F75E4DF202116E200AC53C3 /* Resources */ = {
			isa = PBXGroup;
			children = (
				7F1517C4202B3B1D00F97473 /* Assets.xcassets */,
				7F1517BF202B3B1C00F97473 /* Undertakes.xcdatamodeld */,
				7F36AC22201E7C9C0043D00E /* Default-568h@2x.png */,
				7F36AC0C201E6C650043D00E /* Info.plist */,
			);
			name = Resources;
			sourceTree = "<group>";
		};
		7F75E4E02021174900AC53C3 /* Views */ = {
			isa = PBXGroup;
			children = (
				7F433BCB2025F31100C40FAD /* UNDPromiseCollectionViewCell.h */,
				7F433BCC2025F31100C40FAD /* UNDPromiseCollectionViewCell.m */,
				7F433BCE20272C3300C40FAD /* UNDMaintainerCollectionViewCell.h */,
				7F433BCF20272C3300C40FAD /* UNDMaintainerCollectionViewCell.m */,
			);
			name = Views;
			sourceTree = "<group>";
		};
		7F75E4E22021176500AC53C3 /* Delegates */ = {
			isa = PBXGroup;
			children = (
				7F433BD320272F7F00C40FAD /* UNDPromiseCollectionViewDelegate.h */,
				7F433BD420272F7F00C40FAD /* UNDPromiseCollectionViewDelegate.m */,
				7F433BD620272FAF00C40FAD /* UNDMaintainerCollectionViewDelegate.h */,
				7F433BD720272FAF00C40FAD /* UNDMaintainerCollectionViewDelegate.m */,
			);
			name = Delegates;
			sourceTree = "<group>";
		};
		7F75E4E32021179500AC53C3 /* Controllers */ = {
			isa = PBXGroup;
			children = (
				7F1517BE202B3B1C00F97473 /* UNDAuthViewController.h */,
				7F1517C2202B3B1D00F97473 /* UNDAuthViewController.m */,
				7F36ABFE201E6C650043D00E /* UNDHomeViewController.h */,
				7F36ABFF201E6C650043D00E /* UNDHomeViewController.m */,
			);
			name = Controllers;
			sourceTree = "<group>";
		};
		997F88108763FD8C013F0DE5 /* Frameworks */ = {
			isa = PBXGroup;
			children = (
				EAD6D3C0E2C9E7EAD2FB78CF /* libPods-Undertakes.a */,
				17C47DCC7EBD44AC3528019D /* libPods-UndertakesTests.a */,
			);
			name = Frameworks;
			sourceTree = "<group>";
		};
/* End PBXGroup section */

/* Begin PBXNativeTarget section */
		7F36ABF7201E6C650043D00E /* Undertakes */ = {
			isa = PBXNativeTarget;
			buildConfigurationList = 7F36AC1C201E6C650043D00E /* Build configuration list for PBXNativeTarget "Undertakes" */;
			buildPhases = (
				AF523F010F8B97EE9F529820 /* [CP] Check Pods Manifest.lock */,
				7F36ABF4201E6C650043D00E /* Sources */,
				7F36ABF5201E6C650043D00E /* Frameworks */,
				7F36ABF6201E6C650043D00E /* Resources */,
				272DC40D52F86114E634257B /* [CP] Embed Pods Frameworks */,
				54FC0FFFD55D2EFCD9FBBD0D /* [CP] Copy Pods Resources */,
			);
			buildRules = (
			);
			dependencies = (
			);
			name = Undertakes;
			productName = Undertakes;
			productReference = 7F36ABF8201E6C650043D00E /* Undertakes.app */;
			productType = "com.apple.product-type.application";
		};
		7F36AC12201E6C650043D00E /* UndertakesTests */ = {
			isa = PBXNativeTarget;
			buildConfigurationList = 7F36AC1F201E6C650043D00E /* Build configuration list for PBXNativeTarget "UndertakesTests" */;
			buildPhases = (
				98A91F8DCAFD43B27232C914 /* [CP] Check Pods Manifest.lock */,
				7F36AC0F201E6C650043D00E /* Sources */,
				7F36AC10201E6C650043D00E /* Frameworks */,
				7F36AC11201E6C650043D00E /* Resources */,
				E1BAFF1A0A51FA6C797C3E10 /* [CP] Embed Pods Frameworks */,
				E12164BB7B8AFF9BB10C9146 /* [CP] Copy Pods Resources */,
			);
			buildRules = (
			);
			dependencies = (
				7F36AC15201E6C650043D00E /* PBXTargetDependency */,
			);
			name = UndertakesTests;
			productName = UndertakesTests;
			productReference = 7F36AC13201E6C650043D00E /* UndertakesTests.xctest */;
			productType = "com.apple.product-type.bundle.unit-test";
		};
/* End PBXNativeTarget section */

/* Begin PBXProject section */
		7F36ABF0201E6C650043D00E /* Project object */ = {
			isa = PBXProject;
			attributes = {
				LastUpgradeCheck = 0920;
				ORGANIZATIONNAME = "Павел Пичкуров";
				TargetAttributes = {
					7F36ABF7201E6C650043D00E = {
						CreatedOnToolsVersion = 9.2;
						ProvisioningStyle = Automatic;
					};
					7F36AC12201E6C650043D00E = {
						CreatedOnToolsVersion = 9.2;
						ProvisioningStyle = Automatic;
						TestTargetID = 7F36ABF7201E6C650043D00E;
					};
				};
			};
			buildConfigurationList = 7F36ABF3201E6C650043D00E /* Build configuration list for PBXProject "Undertakes" */;
			compatibilityVersion = "Xcode 8.0";
			developmentRegion = en;
			hasScannedForEncodings = 0;
			knownRegions = (
				en,
				Base,
			);
			mainGroup = 7F36ABEF201E6C650043D00E;
			productRefGroup = 7F36ABF9201E6C650043D00E /* Products */;
			projectDirPath = "";
			projectRoot = "";
			targets = (
				7F36ABF7201E6C650043D00E /* Undertakes */,
				7F36AC12201E6C650043D00E /* UndertakesTests */,
			);
		};
/* End PBXProject section */

/* Begin PBXResourcesBuildPhase section */
		7F36ABF6201E6C650043D00E /* Resources */ = {
			isa = PBXResourcesBuildPhase;
			buildActionMask = 2147483647;
			files = (
				7F1517C9202B3B1D00F97473 /* Assets.xcassets in Resources */,
				7F36AC23201E7C9C0043D00E /* Default-568h@2x.png in Resources */,
			);
			runOnlyForDeploymentPostprocessing = 0;
		};
		7F36AC11201E6C650043D00E /* Resources */ = {
			isa = PBXResourcesBuildPhase;
			buildActionMask = 2147483647;
			files = (
			);
			runOnlyForDeploymentPostprocessing = 0;
		};
/* End PBXResourcesBuildPhase section */

/* Begin PBXShellScriptBuildPhase section */
		272DC40D52F86114E634257B /* [CP] Embed Pods Frameworks */ = {
			isa = PBXShellScriptBuildPhase;
			buildActionMask = 2147483647;
			files = (
			);
			inputPaths = (
			);
			name = "[CP] Embed Pods Frameworks";
			outputPaths = (
			);
			runOnlyForDeploymentPostprocessing = 0;
			shellPath = /bin/sh;
			shellScript = "\"${SRCROOT}/Pods/Target Support Files/Pods-Undertakes/Pods-Undertakes-frameworks.sh\"\n";
			showEnvVarsInLog = 0;
		};
		54FC0FFFD55D2EFCD9FBBD0D /* [CP] Copy Pods Resources */ = {
			isa = PBXShellScriptBuildPhase;
			buildActionMask = 2147483647;
			files = (
			);
			inputPaths = (
			);
			name = "[CP] Copy Pods Resources";
			outputPaths = (
			);
			runOnlyForDeploymentPostprocessing = 0;
			shellPath = /bin/sh;
			shellScript = "\"${SRCROOT}/Pods/Target Support Files/Pods-Undertakes/Pods-Undertakes-resources.sh\"\n";
			showEnvVarsInLog = 0;
		};
		98A91F8DCAFD43B27232C914 /* [CP] Check Pods Manifest.lock */ = {
			isa = PBXShellScriptBuildPhase;
			buildActionMask = 2147483647;
			files = (
			);
			inputPaths = (
				"${PODS_PODFILE_DIR_PATH}/Podfile.lock",
				"${PODS_ROOT}/Manifest.lock",
			);
			name = "[CP] Check Pods Manifest.lock";
			outputPaths = (
				"$(DERIVED_FILE_DIR)/Pods-UndertakesTests-checkManifestLockResult.txt",
			);
			runOnlyForDeploymentPostprocessing = 0;
			shellPath = /bin/sh;
			shellScript = "diff \"${PODS_PODFILE_DIR_PATH}/Podfile.lock\" \"${PODS_ROOT}/Manifest.lock\" > /dev/null\nif [ $? != 0 ] ; then\n    # print error to STDERR\n    echo \"error: The sandbox is not in sync with the Podfile.lock. Run 'pod install' or update your CocoaPods installation.\" >&2\n    exit 1\nfi\n# This output is used by Xcode 'outputs' to avoid re-running this script phase.\necho \"SUCCESS\" > \"${SCRIPT_OUTPUT_FILE_0}\"\n";
			showEnvVarsInLog = 0;
		};
		AF523F010F8B97EE9F529820 /* [CP] Check Pods Manifest.lock */ = {
			isa = PBXShellScriptBuildPhase;
			buildActionMask = 2147483647;
			files = (
			);
			inputPaths = (
				"${PODS_PODFILE_DIR_PATH}/Podfile.lock",
				"${PODS_ROOT}/Manifest.lock",
			);
			name = "[CP] Check Pods Manifest.lock";
			outputPaths = (
				"$(DERIVED_FILE_DIR)/Pods-Undertakes-checkManifestLockResult.txt",
			);
			runOnlyForDeploymentPostprocessing = 0;
			shellPath = /bin/sh;
			shellScript = "diff \"${PODS_PODFILE_DIR_PATH}/Podfile.lock\" \"${PODS_ROOT}/Manifest.lock\" > /dev/null\nif [ $? != 0 ] ; then\n    # print error to STDERR\n    echo \"error: The sandbox is not in sync with the Podfile.lock. Run 'pod install' or update your CocoaPods installation.\" >&2\n    exit 1\nfi\n# This output is used by Xcode 'outputs' to avoid re-running this script phase.\necho \"SUCCESS\" > \"${SCRIPT_OUTPUT_FILE_0}\"\n";
			showEnvVarsInLog = 0;
		};
		E12164BB7B8AFF9BB10C9146 /* [CP] Copy Pods Resources */ = {
			isa = PBXShellScriptBuildPhase;
			buildActionMask = 2147483647;
			files = (
			);
			inputPaths = (
			);
			name = "[CP] Copy Pods Resources";
			outputPaths = (
			);
			runOnlyForDeploymentPostprocessing = 0;
			shellPath = /bin/sh;
			shellScript = "\"${SRCROOT}/Pods/Target Support Files/Pods-UndertakesTests/Pods-UndertakesTests-resources.sh\"\n";
			showEnvVarsInLog = 0;
		};
		E1BAFF1A0A51FA6C797C3E10 /* [CP] Embed Pods Frameworks */ = {
			isa = PBXShellScriptBuildPhase;
			buildActionMask = 2147483647;
			files = (
			);
			inputPaths = (
			);
			name = "[CP] Embed Pods Frameworks";
			outputPaths = (
			);
			runOnlyForDeploymentPostprocessing = 0;
			shellPath = /bin/sh;
			shellScript = "\"${SRCROOT}/Pods/Target Support Files/Pods-UndertakesTests/Pods-UndertakesTests-frameworks.sh\"\n";
			showEnvVarsInLog = 0;
		};
/* End PBXShellScriptBuildPhase section */

/* Begin PBXSourcesBuildPhase section */
		7F36ABF4201E6C650043D00E /* Sources */ = {
			isa = PBXSourcesBuildPhase;
			buildActionMask = 2147483647;
			files = (
				7F1517CB202B3B1D00F97473 /* UNDNetworkService.m in Sources */,
				7F433BD520272F7F00C40FAD /* UNDPromiseCollectionViewDelegate.m in Sources */,
				7F36AC00201E6C650043D00E /* UNDHomeViewController.m in Sources */,
				7F1517CA202B3B1D00F97473 /* UNDNetworkRequestURLService.m in Sources */,
				7F433BD820272FAF00C40FAD /* UNDMaintainerCollectionViewDelegate.m in Sources */,
				7F1517C7202B3B1D00F97473 /* Undertakes.xcdatamodeld in Sources */,
				7F433BD020272C3300C40FAD /* UNDMaintainerCollectionViewCell.m in Sources */,
				7F1517C8202B3B1D00F97473 /* UNDAuthViewController.m in Sources */,
				7F36AC0E201E6C650043D00E /* main.m in Sources */,
				7F433BCD2025F31100C40FAD /* UNDPromiseCollectionViewCell.m in Sources */,
				7F36ABFD201E6C650043D00E /* AppDelegate.m in Sources */,
			);
			runOnlyForDeploymentPostprocessing = 0;
		};
		7F36AC0F201E6C650043D00E /* Sources */ = {
			isa = PBXSourcesBuildPhase;
			buildActionMask = 2147483647;
			files = (
				7F36AC18201E6C650043D00E /* UndertakesTests.m in Sources */,
			);
			runOnlyForDeploymentPostprocessing = 0;
		};
/* End PBXSourcesBuildPhase section */

/* Begin PBXTargetDependency section */
		7F36AC15201E6C650043D00E /* PBXTargetDependency */ = {
			isa = PBXTargetDependency;
			target = 7F36ABF7201E6C650043D00E /* Undertakes */;
			targetProxy = 7F36AC14201E6C650043D00E /* PBXContainerItemProxy */;
		};
/* End PBXTargetDependency section */

/* Begin XCBuildConfiguration section */
		7F36AC1A201E6C650043D00E /* Debug */ = {
			isa = XCBuildConfiguration;
			buildSettings = {
				ALWAYS_SEARCH_USER_PATHS = NO;
				CLANG_ANALYZER_NONNULL = YES;
				CLANG_ANALYZER_NUMBER_OBJECT_CONVERSION = YES_AGGRESSIVE;
				CLANG_CXX_LANGUAGE_STANDARD = "gnu++14";
				CLANG_CXX_LIBRARY = "libc++";
				CLANG_ENABLE_MODULES = YES;
				CLANG_ENABLE_OBJC_ARC = YES;
				CLANG_WARN_BLOCK_CAPTURE_AUTORELEASING = YES;
				CLANG_WARN_BOOL_CONVERSION = YES;
				CLANG_WARN_COMMA = YES;
				CLANG_WARN_CONSTANT_CONVERSION = YES;
				CLANG_WARN_DIRECT_OBJC_ISA_USAGE = YES_ERROR;
				CLANG_WARN_DOCUMENTATION_COMMENTS = YES;
				CLANG_WARN_EMPTY_BODY = YES;
				CLANG_WARN_ENUM_CONVERSION = YES;
				CLANG_WARN_INFINITE_RECURSION = YES;
				CLANG_WARN_INT_CONVERSION = YES;
				CLANG_WARN_NON_LITERAL_NULL_CONVERSION = YES;
				CLANG_WARN_OBJC_LITERAL_CONVERSION = YES;
				CLANG_WARN_OBJC_ROOT_CLASS = YES_ERROR;
				CLANG_WARN_RANGE_LOOP_ANALYSIS = YES;
				CLANG_WARN_STRICT_PROTOTYPES = YES;
				CLANG_WARN_SUSPICIOUS_MOVE = YES;
				CLANG_WARN_UNGUARDED_AVAILABILITY = YES_AGGRESSIVE;
				CLANG_WARN_UNREACHABLE_CODE = YES;
				CLANG_WARN__DUPLICATE_METHOD_MATCH = YES;
				CODE_SIGN_IDENTITY = "iPhone Developer";
				COPY_PHASE_STRIP = NO;
				DEBUG_INFORMATION_FORMAT = dwarf;
				ENABLE_STRICT_OBJC_MSGSEND = YES;
				ENABLE_TESTABILITY = YES;
				GCC_C_LANGUAGE_STANDARD = gnu11;
				GCC_DYNAMIC_NO_PIC = NO;
				GCC_NO_COMMON_BLOCKS = YES;
				GCC_OPTIMIZATION_LEVEL = 0;
				GCC_PREPROCESSOR_DEFINITIONS = (
					"DEBUG=1",
					"$(inherited)",
				);
				GCC_WARN_64_TO_32_BIT_CONVERSION = YES;
				GCC_WARN_ABOUT_RETURN_TYPE = YES_ERROR;
				GCC_WARN_UNDECLARED_SELECTOR = YES;
				GCC_WARN_UNINITIALIZED_AUTOS = YES_AGGRESSIVE;
				GCC_WARN_UNUSED_FUNCTION = YES;
				GCC_WARN_UNUSED_VARIABLE = YES;
				IPHONEOS_DEPLOYMENT_TARGET = 11.2;
				MTL_ENABLE_DEBUG_INFO = YES;
				ONLY_ACTIVE_ARCH = YES;
				SDKROOT = iphoneos;
			};
			name = Debug;
		};
		7F36AC1B201E6C650043D00E /* Release */ = {
			isa = XCBuildConfiguration;
			buildSettings = {
				ALWAYS_SEARCH_USER_PATHS = NO;
				CLANG_ANALYZER_NONNULL = YES;
				CLANG_ANALYZER_NUMBER_OBJECT_CONVERSION = YES_AGGRESSIVE;
				CLANG_CXX_LANGUAGE_STANDARD = "gnu++14";
				CLANG_CXX_LIBRARY = "libc++";
				CLANG_ENABLE_MODULES = YES;
				CLANG_ENABLE_OBJC_ARC = YES;
				CLANG_WARN_BLOCK_CAPTURE_AUTORELEASING = YES;
				CLANG_WARN_BOOL_CONVERSION = YES;
				CLANG_WARN_COMMA = YES;
				CLANG_WARN_CONSTANT_CONVERSION = YES;
				CLANG_WARN_DIRECT_OBJC_ISA_USAGE = YES_ERROR;
				CLANG_WARN_DOCUMENTATION_COMMENTS = YES;
				CLANG_WARN_EMPTY_BODY = YES;
				CLANG_WARN_ENUM_CONVERSION = YES;
				CLANG_WARN_INFINITE_RECURSION = YES;
				CLANG_WARN_INT_CONVERSION = YES;
				CLANG_WARN_NON_LITERAL_NULL_CONVERSION = YES;
				CLANG_WARN_OBJC_LITERAL_CONVERSION = YES;
				CLANG_WARN_OBJC_ROOT_CLASS = YES_ERROR;
				CLANG_WARN_RANGE_LOOP_ANALYSIS = YES;
				CLANG_WARN_STRICT_PROTOTYPES = YES;
				CLANG_WARN_SUSPICIOUS_MOVE = YES;
				CLANG_WARN_UNGUARDED_AVAILABILITY = YES_AGGRESSIVE;
				CLANG_WARN_UNREACHABLE_CODE = YES;
				CLANG_WARN__DUPLICATE_METHOD_MATCH = YES;
				CODE_SIGN_IDENTITY = "iPhone Developer";
				COPY_PHASE_STRIP = NO;
				DEBUG_INFORMATION_FORMAT = "dwarf-with-dsym";
				ENABLE_NS_ASSERTIONS = NO;
				ENABLE_STRICT_OBJC_MSGSEND = YES;
				GCC_C_LANGUAGE_STANDARD = gnu11;
				GCC_NO_COMMON_BLOCKS = YES;
				GCC_WARN_64_TO_32_BIT_CONVERSION = YES;
				GCC_WARN_ABOUT_RETURN_TYPE = YES_ERROR;
				GCC_WARN_UNDECLARED_SELECTOR = YES;
				GCC_WARN_UNINITIALIZED_AUTOS = YES_AGGRESSIVE;
				GCC_WARN_UNUSED_FUNCTION = YES;
				GCC_WARN_UNUSED_VARIABLE = YES;
				IPHONEOS_DEPLOYMENT_TARGET = 11.2;
				MTL_ENABLE_DEBUG_INFO = NO;
				SDKROOT = iphoneos;
				VALIDATE_PRODUCT = YES;
			};
			name = Release;
		};
		7F36AC1D201E6C650043D00E /* Debug */ = {
			isa = XCBuildConfiguration;
			baseConfigurationReference = B3BA64324FDD367D0D2B6C12 /* Pods-Undertakes.debug.xcconfig */;
			buildSettings = {
				ASSETCATALOG_COMPILER_APPICON_NAME = AppIcon;
				CODE_SIGN_STYLE = Automatic;
				INFOPLIST_FILE = Undertakes/Info.plist;
				IPHONEOS_DEPLOYMENT_TARGET = 10.0;
				LD_RUNPATH_SEARCH_PATHS = "$(inherited) @executable_path/Frameworks";
				PRODUCT_BUNDLE_IDENTIFIER = com.ppichkurov.Undertakes;
				PRODUCT_NAME = "$(TARGET_NAME)";
				TARGETED_DEVICE_FAMILY = "1,2";
			};
			name = Debug;
		};
		7F36AC1E201E6C650043D00E /* Release */ = {
			isa = XCBuildConfiguration;
			baseConfigurationReference = 19D6166B203EA7E96F2CBA60 /* Pods-Undertakes.release.xcconfig */;
			buildSettings = {
				ASSETCATALOG_COMPILER_APPICON_NAME = AppIcon;
				CODE_SIGN_STYLE = Automatic;
				INFOPLIST_FILE = Undertakes/Info.plist;
				IPHONEOS_DEPLOYMENT_TARGET = 10.0;
				LD_RUNPATH_SEARCH_PATHS = "$(inherited) @executable_path/Frameworks";
				PRODUCT_BUNDLE_IDENTIFIER = com.ppichkurov.Undertakes;
				PRODUCT_NAME = "$(TARGET_NAME)";
				TARGETED_DEVICE_FAMILY = "1,2";
			};
			name = Release;
		};
		7F36AC20201E6C650043D00E /* Debug */ = {
			isa = XCBuildConfiguration;
			baseConfigurationReference = A5F97F5AFEE0C146DAA3B375 /* Pods-UndertakesTests.debug.xcconfig */;
			buildSettings = {
				BUNDLE_LOADER = "$(TEST_HOST)";
				CODE_SIGN_STYLE = Automatic;
				INFOPLIST_FILE = UndertakesTests/Info.plist;
				LD_RUNPATH_SEARCH_PATHS = "$(inherited) @executable_path/Frameworks @loader_path/Frameworks";
				PRODUCT_BUNDLE_IDENTIFIER = com.ppichkurov.UndertakesTests;
				PRODUCT_NAME = "$(TARGET_NAME)";
				TARGETED_DEVICE_FAMILY = "1,2";
				TEST_HOST = "$(BUILT_PRODUCTS_DIR)/Undertakes.app/Undertakes";
			};
			name = Debug;
		};
		7F36AC21201E6C650043D00E /* Release */ = {
			isa = XCBuildConfiguration;
			baseConfigurationReference = 901ED00352727172D6BB99A0 /* Pods-UndertakesTests.release.xcconfig */;
			buildSettings = {
				BUNDLE_LOADER = "$(TEST_HOST)";
				CODE_SIGN_STYLE = Automatic;
				INFOPLIST_FILE = UndertakesTests/Info.plist;
				LD_RUNPATH_SEARCH_PATHS = "$(inherited) @executable_path/Frameworks @loader_path/Frameworks";
				PRODUCT_BUNDLE_IDENTIFIER = com.ppichkurov.UndertakesTests;
				PRODUCT_NAME = "$(TARGET_NAME)";
				TARGETED_DEVICE_FAMILY = "1,2";
				TEST_HOST = "$(BUILT_PRODUCTS_DIR)/Undertakes.app/Undertakes";
			};
			name = Release;
		};
/* End XCBuildConfiguration section */

/* Begin XCConfigurationList section */
		7F36ABF3201E6C650043D00E /* Build configuration list for PBXProject "Undertakes" */ = {
			isa = XCConfigurationList;
			buildConfigurations = (
				7F36AC1A201E6C650043D00E /* Debug */,
				7F36AC1B201E6C650043D00E /* Release */,
			);
			defaultConfigurationIsVisible = 0;
			defaultConfigurationName = Release;
		};
		7F36AC1C201E6C650043D00E /* Build configuration list for PBXNativeTarget "Undertakes" */ = {
			isa = XCConfigurationList;
			buildConfigurations = (
				7F36AC1D201E6C650043D00E /* Debug */,
				7F36AC1E201E6C650043D00E /* Release */,
			);
			defaultConfigurationIsVisible = 0;
			defaultConfigurationName = Release;
		};
		7F36AC1F201E6C650043D00E /* Build configuration list for PBXNativeTarget "UndertakesTests" */ = {
			isa = XCConfigurationList;
			buildConfigurations = (
				7F36AC20201E6C650043D00E /* Debug */,
				7F36AC21201E6C650043D00E /* Release */,
			);
			defaultConfigurationIsVisible = 0;
			defaultConfigurationName = Release;
		};
/* End XCConfigurationList section */

/* Begin XCVersionGroup section */
		7F1517BF202B3B1C00F97473 /* Undertakes.xcdatamodeld */ = {
			isa = XCVersionGroup;
			children = (
				7F1517C0202B3B1C00F97473 /* Undertakes.xcdatamodel */,
			);
			currentVersion = 7F1517C0202B3B1C00F97473 /* Undertakes.xcdatamodel */;
			path = Undertakes.xcdatamodeld;
			sourceTree = "<group>";
			versionGroupType = wrapper.xcdatamodel;
		};
/* End XCVersionGroup section */
	};
	rootObject = 7F36ABF0201E6C650043D00E /* Project object */;
}
