// !$*UTF8*$!
{
	archiveVersion = 1;
	classes = {
	};
	objectVersion = 48;
	objects = {

/* Begin PBXBuildFile section */
		7F36ABFD201E6C650043D00E /* AppDelegate.m in Sources */ = {isa = PBXBuildFile; fileRef = 7F36ABFC201E6C650043D00E /* AppDelegate.m */; };
		7F36AC00201E6C650043D00E /* ViewController.m in Sources */ = {isa = PBXBuildFile; fileRef = 7F36ABFF201E6C650043D00E /* ViewController.m */; };
		7F36AC03201E6C650043D00E /* Main.storyboard in Resources */ = {isa = PBXBuildFile; fileRef = 7F36AC01201E6C650043D00E /* Main.storyboard */; };
		7F36AC06201E6C650043D00E /* Undertakes.xcdatamodeld in Sources */ = {isa = PBXBuildFile; fileRef = 7F36AC04201E6C650043D00E /* Undertakes.xcdatamodeld */; };
		7F36AC08201E6C650043D00E /* Assets.xcassets in Resources */ = {isa = PBXBuildFile; fileRef = 7F36AC07201E6C650043D00E /* Assets.xcassets */; };
		7F36AC0B201E6C650043D00E /* LaunchScreen.storyboard in Resources */ = {isa = PBXBuildFile; fileRef = 7F36AC09201E6C650043D00E /* LaunchScreen.storyboard */; };
		7F36AC0E201E6C650043D00E /* main.m in Sources */ = {isa = PBXBuildFile; fileRef = 7F36AC0D201E6C650043D00E /* main.m */; };
		7F36AC18201E6C650043D00E /* UndertakesTests.m in Sources */ = {isa = PBXBuildFile; fileRef = 7F36AC17201E6C650043D00E /* UndertakesTests.m */; };
/* End PBXBuildFile section */

/* Begin PBXContainerItemProxy section */
		7F36AC14201E6C650043D00E /* PBXContainerItemProxy */ = {
			isa = PBXContainerItemProxy;
			containerPortal = 7F36ABF0201E6C650043D00E /* Project object */;
			proxyType = 1;
			remoteGlobalIDString = 7F36ABF7201E6C650043D00E;
			remoteInfo = Undertakes;
		};
/* End PBXContainerItemProxy section */

/* Begin PBXFileReference section */
		7F36ABF8201E6C650043D00E /* Undertakes.app */ = {isa = PBXFileReference; explicitFileType = wrapper.application; includeInIndex = 0; path = Undertakes.app; sourceTree = BUILT_PRODUCTS_DIR; };
		7F36ABFB201E6C650043D00E /* AppDelegate.h */ = {isa = PBXFileReference; lastKnownFileType = sourcecode.c.h; path = AppDelegate.h; sourceTree = "<group>"; };
		7F36ABFC201E6C650043D00E /* AppDelegate.m */ = {isa = PBXFileReference; lastKnownFileType = sourcecode.c.objc; path = AppDelegate.m; sourceTree = "<group>"; };
		7F36ABFE201E6C650043D00E /* ViewController.h */ = {isa = PBXFileReference; lastKnownFileType = sourcecode.c.h; path = ViewController.h; sourceTree = "<group>"; };
		7F36ABFF201E6C650043D00E /* ViewController.m */ = {isa = PBXFileReference; lastKnownFileType = sourcecode.c.objc; path = ViewController.m; sourceTree = "<group>"; };
		7F36AC02201E6C650043D00E /* Base */ = {isa = PBXFileReference; lastKnownFileType = file.storyboard; name = Base; path = Base.lproj/Main.storyboard; sourceTree = "<group>"; };
		7F36AC05201E6C650043D00E /* Undertakes.xcdatamodel */ = {isa = PBXFileReference; lastKnownFileType = wrapper.xcdatamodel; path = Undertakes.xcdatamodel; sourceTree = "<group>"; };
		7F36AC07201E6C650043D00E /* Assets.xcassets */ = {isa = PBXFileReference; lastKnownFileType = folder.assetcatalog; path = Assets.xcassets; sourceTree = "<group>"; };
		7F36AC0A201E6C650043D00E /* Base */ = {isa = PBXFileReference; lastKnownFileType = file.storyboard; name = Base; path = Base.lproj/LaunchScreen.storyboard; sourceTree = "<group>"; };
		7F36AC0C201E6C650043D00E /* Info.plist */ = {isa = PBXFileReference; lastKnownFileType = text.plist.xml; path = Info.plist; sourceTree = "<group>"; };
		7F36AC0D201E6C650043D00E /* main.m */ = {isa = PBXFileReference; lastKnownFileType = sourcecode.c.objc; path = main.m; sourceTree = "<group>"; };
		7F36AC13201E6C650043D00E /* UndertakesTests.xctest */ = {isa = PBXFileReference; explicitFileType = wrapper.cfbundle; includeInIndex = 0; path = UndertakesTests.xctest; sourceTree = BUILT_PRODUCTS_DIR; };
		7F36AC17201E6C650043D00E /* UndertakesTests.m */ = {isa = PBXFileReference; lastKnownFileType = sourcecode.c.objc; path = UndertakesTests.m; sourceTree = "<group>"; };
		7F36AC19201E6C650043D00E /* Info.plist */ = {isa = PBXFileReference; lastKnownFileType = text.plist.xml; path = Info.plist; sourceTree = "<group>"; };
/* End PBXFileReference section */

/* Begin PBXFrameworksBuildPhase section */
		7F36ABF5201E6C650043D00E /* Frameworks */ = {
			isa = PBXFrameworksBuildPhase;
			buildActionMask = 2147483647;
			files = (
			);
			runOnlyForDeploymentPostprocessing = 0;
		};
		7F36AC10201E6C650043D00E /* Frameworks */ = {
			isa = PBXFrameworksBuildPhase;
			buildActionMask = 2147483647;
			files = (
			);
			runOnlyForDeploymentPostprocessing = 0;
		};
/* End PBXFrameworksBuildPhase section */

/* Begin PBXGroup section */
		7F36ABEF201E6C650043D00E = {
			isa = PBXGroup;
			children = (
				7F36ABFA201E6C650043D00E /* Undertakes */,
				7F36AC16201E6C650043D00E /* UndertakesTests */,
				7F36ABF9201E6C650043D00E /* Products */,
			);
			sourceTree = "<group>";
		};
		7F36ABF9201E6C650043D00E /* Products */ = {
			isa = PBXGroup;
			children = (
				7F36ABF8201E6C650043D00E /* Undertakes.app */,
				7F36AC13201E6C650043D00E /* UndertakesTests.xctest */,
			);
			name = Products;
			sourceTree = "<group>";
		};
		7F36ABFA201E6C650043D00E /* Undertakes */ = {
			isa = PBXGroup;
			children = (
				7F36ABFB201E6C650043D00E /* AppDelegate.h */,
				7F36ABFC201E6C650043D00E /* AppDelegate.m */,
				7F36ABFE201E6C650043D00E /* ViewController.h */,
				7F36ABFF201E6C650043D00E /* ViewController.m */,
				7F36AC01201E6C650043D00E /* Main.storyboard */,
				7F36AC07201E6C650043D00E /* Assets.xcassets */,
				7F36AC09201E6C650043D00E /* LaunchScreen.storyboard */,
				7F36AC0C201E6C650043D00E /* Info.plist */,
				7F36AC0D201E6C650043D00E /* main.m */,
				7F36AC04201E6C650043D00E /* Undertakes.xcdatamodeld */,
			);
			path = Undertakes;
			sourceTree = "<group>";
		};
		7F36AC16201E6C650043D00E /* UndertakesTests */ = {
			isa = PBXGroup;
			children = (
				7F36AC17201E6C650043D00E /* UndertakesTests.m */,
				7F36AC19201E6C650043D00E /* Info.plist */,
			);
			path = UndertakesTests;
			sourceTree = "<group>";
		};
/* End PBXGroup section */

/* Begin PBXNativeTarget section */
		7F36ABF7201E6C650043D00E /* Undertakes */ = {
			isa = PBXNativeTarget;
			buildConfigurationList = 7F36AC1C201E6C650043D00E /* Build configuration list for PBXNativeTarget "Undertakes" */;
			buildPhases = (
				7F36ABF4201E6C650043D00E /* Sources */,
				7F36ABF5201E6C650043D00E /* Frameworks */,
				7F36ABF6201E6C650043D00E /* Resources */,
			);
			buildRules = (
			);
			dependencies = (
			);
			name = Undertakes;
			productName = Undertakes;
			productReference = 7F36ABF8201E6C650043D00E /* Undertakes.app */;
			productType = "com.apple.product-type.application";
		};
		7F36AC12201E6C650043D00E /* UndertakesTests */ = {
			isa = PBXNativeTarget;
			buildConfigurationList = 7F36AC1F201E6C650043D00E /* Build configuration list for PBXNativeTarget "UndertakesTests" */;
			buildPhases = (
				7F36AC0F201E6C650043D00E /* Sources */,
				7F36AC10201E6C650043D00E /* Frameworks */,
				7F36AC11201E6C650043D00E /* Resources */,
			);
			buildRules = (
			);
			dependencies = (
				7F36AC15201E6C650043D00E /* PBXTargetDependency */,
			);
			name = UndertakesTests;
			productName = UndertakesTests;
			productReference = 7F36AC13201E6C650043D00E /* UndertakesTests.xctest */;
			productType = "com.apple.product-type.bundle.unit-test";
		};
/* End PBXNativeTarget section */

/* Begin PBXProject section */
		7F36ABF0201E6C650043D00E /* Project object */ = {
			isa = PBXProject;
			attributes = {
				LastUpgradeCheck = 0920;
				ORGANIZATIONNAME = "Павел Пичкуров";
				TargetAttributes = {
					7F36ABF7201E6C650043D00E = {
						CreatedOnToolsVersion = 9.2;
						ProvisioningStyle = Automatic;
					};
					7F36AC12201E6C650043D00E = {
						CreatedOnToolsVersion = 9.2;
						ProvisioningStyle = Automatic;
						TestTargetID = 7F36ABF7201E6C650043D00E;
					};
				};
			};
			buildConfigurationList = 7F36ABF3201E6C650043D00E /* Build configuration list for PBXProject "Undertakes" */;
			compatibilityVersion = "Xcode 8.0";
			developmentRegion = en;
			hasScannedForEncodings = 0;
			knownRegions = (
				en,
				Base,
			);
			mainGroup = 7F36ABEF201E6C650043D00E;
			productRefGroup = 7F36ABF9201E6C650043D00E /* Products */;
			projectDirPath = "";
			projectRoot = "";
			targets = (
				7F36ABF7201E6C650043D00E /* Undertakes */,
				7F36AC12201E6C650043D00E /* UndertakesTests */,
			);
		};
/* End PBXProject section */

/* Begin PBXResourcesBuildPhase section */
		7F36ABF6201E6C650043D00E /* Resources */ = {
			isa = PBXResourcesBuildPhase;
			buildActionMask = 2147483647;
			files = (
				7F36AC0B201E6C650043D00E /* LaunchScreen.storyboard in Resources */,
				7F36AC08201E6C650043D00E /* Assets.xcassets in Resources */,
				7F36AC03201E6C650043D00E /* Main.storyboard in Resources */,
			);
			runOnlyForDeploymentPostprocessing = 0;
		};
		7F36AC11201E6C650043D00E /* Resources */ = {
			isa = PBXResourcesBuildPhase;
			buildActionMask = 2147483647;
			files = (
			);
			runOnlyForDeploymentPostprocessing = 0;
		};
/* End PBXResourcesBuildPhase section */

/* Begin PBXSourcesBuildPhase section */
		7F36ABF4201E6C650043D00E /* Sources */ = {
			isa = PBXSourcesBuildPhase;
			buildActionMask = 2147483647;
			files = (
				7F36AC00201E6C650043D00E /* ViewController.m in Sources */,
				7F36AC06201E6C650043D00E /* Undertakes.xcdatamodeld in Sources */,
				7F36AC0E201E6C650043D00E /* main.m in Sources */,
				7F36ABFD201E6C650043D00E /* AppDelegate.m in Sources */,
			);
			runOnlyForDeploymentPostprocessing = 0;
		};
		7F36AC0F201E6C650043D00E /* Sources */ = {
			isa = PBXSourcesBuildPhase;
			buildActionMask = 2147483647;
			files = (
				7F36AC18201E6C650043D00E /* UndertakesTests.m in Sources */,
			);
			runOnlyForDeploymentPostprocessing = 0;
		};
/* End PBXSourcesBuildPhase section */

/* Begin PBXTargetDependency section */
		7F36AC15201E6C650043D00E /* PBXTargetDependency */ = {
			isa = PBXTargetDependency;
			target = 7F36ABF7201E6C650043D00E /* Undertakes */;
			targetProxy = 7F36AC14201E6C650043D00E /* PBXContainerItemProxy */;
		};
/* End PBXTargetDependency section */

/* Begin PBXVariantGroup section */
		7F36AC01201E6C650043D00E /* Main.storyboard */ = {
			isa = PBXVariantGroup;
			children = (
				7F36AC02201E6C650043D00E /* Base */,
			);
			name = Main.storyboard;
			sourceTree = "<group>";
		};
		7F36AC09201E6C650043D00E /* LaunchScreen.storyboard */ = {
			isa = PBXVariantGroup;
			children = (
				7F36AC0A201E6C650043D00E /* Base */,
			);
			name = LaunchScreen.storyboard;
			sourceTree = "<group>";
		};
/* End PBXVariantGroup section */

/* Begin XCBuildConfiguration section */
		7F36AC1A201E6C650043D00E /* Debug */ = {
			isa = XCBuildConfiguration;
			buildSettings = {
				ALWAYS_SEARCH_USER_PATHS = NO;
				CLANG_ANALYZER_NONNULL = YES;
				CLANG_ANALYZER_NUMBER_OBJECT_CONVERSION = YES_AGGRESSIVE;
				CLANG_CXX_LANGUAGE_STANDARD = "gnu++14";
				CLANG_CXX_LIBRARY = "libc++";
				CLANG_ENABLE_MODULES = YES;
				CLANG_ENABLE_OBJC_ARC = YES;
				CLANG_WARN_BLOCK_CAPTURE_AUTORELEASING = YES;
				CLANG_WARN_BOOL_CONVERSION = YES;
				CLANG_WARN_COMMA = YES;
				CLANG_WARN_CONSTANT_CONVERSION = YES;
				CLANG_WARN_DIRECT_OBJC_ISA_USAGE = YES_ERROR;
				CLANG_WARN_DOCUMENTATION_COMMENTS = YES;
				CLANG_WARN_EMPTY_BODY = YES;
				CLANG_WARN_ENUM_CONVERSION = YES;
				CLANG_WARN_INFINITE_RECURSION = YES;
				CLANG_WARN_INT_CONVERSION = YES;
				CLANG_WARN_NON_LITERAL_NULL_CONVERSION = YES;
				CLANG_WARN_OBJC_LITERAL_CONVERSION = YES;
				CLANG_WARN_OBJC_ROOT_CLASS = YES_ERROR;
				CLANG_WARN_RANGE_LOOP_ANALYSIS = YES;
				CLANG_WARN_STRICT_PROTOTYPES = YES;
				CLANG_WARN_SUSPICIOUS_MOVE = YES;
				CLANG_WARN_UNGUARDED_AVAILABILITY = YES_AGGRESSIVE;
				CLANG_WARN_UNREACHABLE_CODE = YES;
				CLANG_WARN__DUPLICATE_METHOD_MATCH = YES;
				CODE_SIGN_IDENTITY = "iPhone Developer";
				COPY_PHASE_STRIP = NO;
				DEBUG_INFORMATION_FORMAT = dwarf;
				ENABLE_STRICT_OBJC_MSGSEND = YES;
				ENABLE_TESTABILITY = YES;
				GCC_C_LANGUAGE_STANDARD = gnu11;
				GCC_DYNAMIC_NO_PIC = NO;
				GCC_NO_COMMON_BLOCKS = YES;
				GCC_OPTIMIZATION_LEVEL = 0;
				GCC_PREPROCESSOR_DEFINITIONS = (
					"DEBUG=1",
					"$(inherited)",
				);
				GCC_WARN_64_TO_32_BIT_CONVERSION = YES;
				GCC_WARN_ABOUT_RETURN_TYPE = YES_ERROR;
				GCC_WARN_UNDECLARED_SELECTOR = YES;
				GCC_WARN_UNINITIALIZED_AUTOS = YES_AGGRESSIVE;
				GCC_WARN_UNUSED_FUNCTION = YES;
				GCC_WARN_UNUSED_VARIABLE = YES;
				IPHONEOS_DEPLOYMENT_TARGET = 11.2;
				MTL_ENABLE_DEBUG_INFO = YES;
				ONLY_ACTIVE_ARCH = YES;
				SDKROOT = iphoneos;
			};
			name = Debug;
		};
		7F36AC1B201E6C650043D00E /* Release */ = {
			isa = XCBuildConfiguration;
			buildSettings = {
				ALWAYS_SEARCH_USER_PATHS = NO;
				CLANG_ANALYZER_NONNULL = YES;
				CLANG_ANALYZER_NUMBER_OBJECT_CONVERSION = YES_AGGRESSIVE;
				CLANG_CXX_LANGUAGE_STANDARD = "gnu++14";
				CLANG_CXX_LIBRARY = "libc++";
				CLANG_ENABLE_MODULES = YES;
				CLANG_ENABLE_OBJC_ARC = YES;
				CLANG_WARN_BLOCK_CAPTURE_AUTORELEASING = YES;
				CLANG_WARN_BOOL_CONVERSION = YES;
				CLANG_WARN_COMMA = YES;
				CLANG_WARN_CONSTANT_CONVERSION = YES;
				CLANG_WARN_DIRECT_OBJC_ISA_USAGE = YES_ERROR;
				CLANG_WARN_DOCUMENTATION_COMMENTS = YES;
				CLANG_WARN_EMPTY_BODY = YES;
				CLANG_WARN_ENUM_CONVERSION = YES;
				CLANG_WARN_INFINITE_RECURSION = YES;
				CLANG_WARN_INT_CONVERSION = YES;
				CLANG_WARN_NON_LITERAL_NULL_CONVERSION = YES;
				CLANG_WARN_OBJC_LITERAL_CONVERSION = YES;
				CLANG_WARN_OBJC_ROOT_CLASS = YES_ERROR;
				CLANG_WARN_RANGE_LOOP_ANALYSIS = YES;
				CLANG_WARN_STRICT_PROTOTYPES = YES;
				CLANG_WARN_SUSPICIOUS_MOVE = YES;
				CLANG_WARN_UNGUARDED_AVAILABILITY = YES_AGGRESSIVE;
				CLANG_WARN_UNREACHABLE_CODE = YES;
				CLANG_WARN__DUPLICATE_METHOD_MATCH = YES;
				CODE_SIGN_IDENTITY = "iPhone Developer";
				COPY_PHASE_STRIP = NO;
				DEBUG_INFORMATION_FORMAT = "dwarf-with-dsym";
				ENABLE_NS_ASSERTIONS = NO;
				ENABLE_STRICT_OBJC_MSGSEND = YES;
				GCC_C_LANGUAGE_STANDARD = gnu11;
				GCC_NO_COMMON_BLOCKS = YES;
				GCC_WARN_64_TO_32_BIT_CONVERSION = YES;
				GCC_WARN_ABOUT_RETURN_TYPE = YES_ERROR;
				GCC_WARN_UNDECLARED_SELECTOR = YES;
				GCC_WARN_UNINITIALIZED_AUTOS = YES_AGGRESSIVE;
				GCC_WARN_UNUSED_FUNCTION = YES;
				GCC_WARN_UNUSED_VARIABLE = YES;
				IPHONEOS_DEPLOYMENT_TARGET = 11.2;
				MTL_ENABLE_DEBUG_INFO = NO;
				SDKROOT = iphoneos;
				VALIDATE_PRODUCT = YES;
			};
			name = Release;
		};
		7F36AC1D201E6C650043D00E /* Debug */ = {
			isa = XCBuildConfiguration;
			buildSettings = {
				ASSETCATALOG_COMPILER_APPICON_NAME = AppIcon;
				CODE_SIGN_STYLE = Automatic;
				INFOPLIST_FILE = Undertakes/Info.plist;
				LD_RUNPATH_SEARCH_PATHS = "$(inherited) @executable_path/Frameworks";
				PRODUCT_BUNDLE_IDENTIFIER = com.ppichkurov.Undertakes;
				PRODUCT_NAME = "$(TARGET_NAME)";
				TARGETED_DEVICE_FAMILY = "1,2";
			};
			name = Debug;
		};
		7F36AC1E201E6C650043D00E /* Release */ = {
			isa = XCBuildConfiguration;
			buildSettings = {
				ASSETCATALOG_COMPILER_APPICON_NAME = AppIcon;
				CODE_SIGN_STYLE = Automatic;
				INFOPLIST_FILE = Undertakes/Info.plist;
				LD_RUNPATH_SEARCH_PATHS = "$(inherited) @executable_path/Frameworks";
				PRODUCT_BUNDLE_IDENTIFIER = com.ppichkurov.Undertakes;
				PRODUCT_NAME = "$(TARGET_NAME)";
				TARGETED_DEVICE_FAMILY = "1,2";
			};
			name = Release;
		};
		7F36AC20201E6C650043D00E /* Debug */ = {
			isa = XCBuildConfiguration;
			buildSettings = {
				BUNDLE_LOADER = "$(TEST_HOST)";
				CODE_SIGN_STYLE = Automatic;
				INFOPLIST_FILE = UndertakesTests/Info.plist;
				LD_RUNPATH_SEARCH_PATHS = "$(inherited) @executable_path/Frameworks @loader_path/Frameworks";
				PRODUCT_BUNDLE_IDENTIFIER = com.ppichkurov.UndertakesTests;
				PRODUCT_NAME = "$(TARGET_NAME)";
				TARGETED_DEVICE_FAMILY = "1,2";
				TEST_HOST = "$(BUILT_PRODUCTS_DIR)/Undertakes.app/Undertakes";
			};
			name = Debug;
		};
		7F36AC21201E6C650043D00E /* Release */ = {
			isa = XCBuildConfiguration;
			buildSettings = {
				BUNDLE_LOADER = "$(TEST_HOST)";
				CODE_SIGN_STYLE = Automatic;
				INFOPLIST_FILE = UndertakesTests/Info.plist;
				LD_RUNPATH_SEARCH_PATHS = "$(inherited) @executable_path/Frameworks @loader_path/Frameworks";
				PRODUCT_BUNDLE_IDENTIFIER = com.ppichkurov.UndertakesTests;
				PRODUCT_NAME = "$(TARGET_NAME)";
				TARGETED_DEVICE_FAMILY = "1,2";
				TEST_HOST = "$(BUILT_PRODUCTS_DIR)/Undertakes.app/Undertakes";
			};
			name = Release;
		};
/* End XCBuildConfiguration section */

/* Begin XCConfigurationList section */
		7F36ABF3201E6C650043D00E /* Build configuration list for PBXProject "Undertakes" */ = {
			isa = XCConfigurationList;
			buildConfigurations = (
				7F36AC1A201E6C650043D00E /* Debug */,
				7F36AC1B201E6C650043D00E /* Release */,
			);
			defaultConfigurationIsVisible = 0;
			defaultConfigurationName = Release;
		};
		7F36AC1C201E6C650043D00E /* Build configuration list for PBXNativeTarget "Undertakes" */ = {
			isa = XCConfigurationList;
			buildConfigurations = (
				7F36AC1D201E6C650043D00E /* Debug */,
				7F36AC1E201E6C650043D00E /* Release */,
			);
			defaultConfigurationIsVisible = 0;
			defaultConfigurationName = Release;
		};
		7F36AC1F201E6C650043D00E /* Build configuration list for PBXNativeTarget "UndertakesTests" */ = {
			isa = XCConfigurationList;
			buildConfigurations = (
				7F36AC20201E6C650043D00E /* Debug */,
				7F36AC21201E6C650043D00E /* Release */,
			);
			defaultConfigurationIsVisible = 0;
			defaultConfigurationName = Release;
		};
/* End XCConfigurationList section */

/* Begin XCVersionGroup section */
		7F36AC04201E6C650043D00E /* Undertakes.xcdatamodeld */ = {
			isa = XCVersionGroup;
			children = (
				7F36AC05201E6C650043D00E /* Undertakes.xcdatamodel */,
			);
			currentVersion = 7F36AC05201E6C650043D00E /* Undertakes.xcdatamodel */;
			path = Undertakes.xcdatamodeld;
			sourceTree = "<group>";
			versionGroupType = wrapper.xcdatamodel;
		};
/* End XCVersionGroup section */
	};
	rootObject = 7F36ABF0201E6C650043D00E /* Project object */;
}
